// !$*UTF8*$!
{
	archiveVersion = 1;
	classes = {
	};
	objectVersion = 46;
	objects = {

/* Begin PBXBuildFile section */
		E4F2B07D1C67C24B00BCD2AF /* AppDelegate.swift in Sources */ = {isa = PBXBuildFile; fileRef = E4F2B07C1C67C24B00BCD2AF /* AppDelegate.swift */; };
		E4F2B07F1C67C24B00BCD2AF /* ViewController.swift in Sources */ = {isa = PBXBuildFile; fileRef = E4F2B07E1C67C24B00BCD2AF /* ViewController.swift */; };
		E4F2B0821C67C24B00BCD2AF /* Main.storyboard in Resources */ = {isa = PBXBuildFile; fileRef = E4F2B0801C67C24B00BCD2AF /* Main.storyboard */; };
		E4F2B0841C67C24B00BCD2AF /* Assets.xcassets in Resources */ = {isa = PBXBuildFile; fileRef = E4F2B0831C67C24B00BCD2AF /* Assets.xcassets */; };
		E4F2B0871C67C24B00BCD2AF /* LaunchScreen.storyboard in Resources */ = {isa = PBXBuildFile; fileRef = E4F2B0851C67C24B00BCD2AF /* LaunchScreen.storyboard */; };
/* End PBXBuildFile section */

/* Begin PBXFileReference section */
		E4F2B0791C67C24B00BCD2AF /* Draw App.app */ = {isa = PBXFileReference; explicitFileType = wrapper.application; includeInIndex = 0; path = "Draw App.app"; sourceTree = BUILT_PRODUCTS_DIR; };
		E4F2B07C1C67C24B00BCD2AF /* AppDelegate.swift */ = {isa = PBXFileReference; lastKnownFileType = sourcecode.swift; path = AppDelegate.swift; sourceTree = "<group>"; };
		E4F2B07E1C67C24B00BCD2AF /* ViewController.swift */ = {isa = PBXFileReference; lastKnownFileType = sourcecode.swift; path = ViewController.swift; sourceTree = "<group>"; };
		E4F2B0811C67C24B00BCD2AF /* Base */ = {isa = PBXFileReference; lastKnownFileType = file.storyboard; name = Base; path = Base.lproj/Main.storyboard; sourceTree = "<group>"; };
		E4F2B0831C67C24B00BCD2AF /* Assets.xcassets */ = {isa = PBXFileReference; lastKnownFileType = folder.assetcatalog; path = Assets.xcassets; sourceTree = "<group>"; };
		E4F2B0861C67C24B00BCD2AF /* Base */ = {isa = PBXFileReference; lastKnownFileType = file.storyboard; name = Base; path = Base.lproj/LaunchScreen.storyboard; sourceTree = "<group>"; };
		E4F2B0881C67C24B00BCD2AF /* Info.plist */ = {isa = PBXFileReference; lastKnownFileType = text.plist.xml; path = Info.plist; sourceTree = "<group>"; };
/* End PBXFileReference section */

/* Begin PBXFrameworksBuildPhase section */
		E4F2B0761C67C24B00BCD2AF /* Frameworks */ = {
			isa = PBXFrameworksBuildPhase;
			buildActionMask = 2147483647;
			files = (
			);
			runOnlyForDeploymentPostprocessing = 0;
		};
/* End PBXFrameworksBuildPhase section */

/* Begin PBXGroup section */
		E4F2B0701C67C24B00BCD2AF = {
			isa = PBXGroup;
			children = (
				E4F2B07B1C67C24B00BCD2AF /* Draw App */,
				E4F2B07A1C67C24B00BCD2AF /* Products */,
			);
			sourceTree = "<group>";
		};
		E4F2B07A1C67C24B00BCD2AF /* Products */ = {
			isa = PBXGroup;
			children = (
				E4F2B0791C67C24B00BCD2AF /* Draw App.app */,
			);
			name = Products;
			sourceTree = "<group>";
		};
		E4F2B07B1C67C24B00BCD2AF /* Draw App */ = {
			isa = PBXGroup;
			children = (
				E4F2B07C1C67C24B00BCD2AF /* AppDelegate.swift */,
				E4F2B07E1C67C24B00BCD2AF /* ViewController.swift */,
				E4F2B0801C67C24B00BCD2AF /* Main.storyboard */,
				E4F2B0831C67C24B00BCD2AF /* Assets.xcassets */,
				E4F2B0851C67C24B00BCD2AF /* LaunchScreen.storyboard */,
				E4F2B0881C67C24B00BCD2AF /* Info.plist */,
			);
			path = "Draw App";
			sourceTree = "<group>";
		};
/* End PBXGroup section */

/* Begin PBXNativeTarget section */
		E4F2B0781C67C24B00BCD2AF /* Draw App */ = {
			isa = PBXNativeTarget;
			buildConfigurationList = E4F2B08B1C67C24B00BCD2AF /* Build configuration list for PBXNativeTarget "Draw App" */;
			buildPhases = (
				E4F2B0751C67C24B00BCD2AF /* Sources */,
				E4F2B0761C67C24B00BCD2AF /* Frameworks */,
				E4F2B0771C67C24B00BCD2AF /* Resources */,
			);
			buildRules = (
			);
			dependencies = (
			);
			name = "Draw App";
			productName = "Draw App";
			productReference = E4F2B0791C67C24B00BCD2AF /* Draw App.app */;
			productType = "com.apple.product-type.application";
		};
/* End PBXNativeTarget section */

/* Begin PBXProject section */
		E4F2B0711C67C24B00BCD2AF /* Project object */ = {
			isa = PBXProject;
			attributes = {
				LastSwiftUpdateCheck = 0720;
				LastUpgradeCheck = 0720;
				ORGANIZATIONNAME = "Roman Puzey";
				TargetAttributes = {
					E4F2B0781C67C24B00BCD2AF = {
						CreatedOnToolsVersion = 7.2.1;
						DevelopmentTeam = URRFBAQJ2L;
					};
				};
			};
			buildConfigurationList = E4F2B0741C67C24B00BCD2AF /* Build configuration list for PBXProject "Draw App" */;
			compatibilityVersion = "Xcode 3.2";
			developmentRegion = English;
			hasScannedForEncodings = 0;
			knownRegions = (
				en,
				Base,
			);
			mainGroup = E4F2B0701C67C24B00BCD2AF;
			productRefGroup = E4F2B07A1C67C24B00BCD2AF /* Products */;
			projectDirPath = "";
			projectRoot = "";
			targets = (
				E4F2B0781C67C24B00BCD2AF /* Draw App */,
			);
		};
/* End PBXProject section */

/* Begin PBXResourcesBuildPhase section */
		E4F2B0771C67C24B00BCD2AF /* Resources */ = {
			isa = PBXResourcesBuildPhase;
			buildActionMask = 2147483647;
			files = (
				E4F2B0871C67C24B00BCD2AF /* LaunchScreen.storyboard in Resources */,
				E4F2B0841C67C24B00BCD2AF /* Assets.xcassets in Resources */,
				E4F2B0821C67C24B00BCD2AF /* Main.storyboard in Resources */,
			);
			runOnlyForDeploymentPostprocessing = 0;
		};
/* End PBXResourcesBuildPhase section */

/* Begin PBXSourcesBuildPhase section */
		E4F2B0751C67C24B00BCD2AF /* Sources */ = {
			isa = PBXSourcesBuildPhase;
			buildActionMask = 2147483647;
			files = (
				E4F2B07F1C67C24B00BCD2AF /* ViewController.swift in Sources */,
				E4F2B07D1C67C24B00BCD2AF /* AppDelegate.swift in Sources */,
			);
			runOnlyForDeploymentPostprocessing = 0;
		};
/* End PBXSourcesBuildPhase section */

/* Begin PBXVariantGroup section */
		E4F2B0801C67C24B00BCD2AF /* Main.storyboard */ = {
			isa = PBXVariantGroup;
			children = (
				E4F2B0811C67C24B00BCD2AF /* Base */,
			);
			name = Main.storyboard;
			sourceTree = "<group>";
		};
		E4F2B0851C67C24B00BCD2AF /* LaunchScreen.storyboard */ = {
			isa = PBXVariantGroup;
			children = (
				E4F2B0861C67C24B00BCD2AF /* Base */,
			);
			name = LaunchScreen.storyboard;
			sourceTree = "<group>";
		};
/* End PBXVariantGroup section */

/* Begin XCBuildConfiguration section */
		E4F2B0891C67C24B00BCD2AF /* Debug */ = {
			isa = XCBuildConfiguration;
			buildSettings = {
				ALWAYS_SEARCH_USER_PATHS = NO;
				CLANG_CXX_LANGUAGE_STANDARD = "gnu++0x";
				CLANG_CXX_LIBRARY = "libc++";
				CLANG_ENABLE_MODULES = YES;
				CLANG_ENABLE_OBJC_ARC = YES;
				CLANG_WARN_BOOL_CONVERSION = YES;
				CLANG_WARN_CONSTANT_CONVERSION = YES;
				CLANG_WARN_DIRECT_OBJC_ISA_USAGE = YES_ERROR;
				CLANG_WARN_EMPTY_BODY = YES;
				CLANG_WARN_ENUM_CONVERSION = YES;
				CLANG_WARN_INT_CONVERSION = YES;
				CLANG_WARN_OBJC_ROOT_CLASS = YES_ERROR;
				CLANG_WARN_UNREACHABLE_CODE = YES;
				CLANG_WARN__DUPLICATE_METHOD_MATCH = YES;
				"CODE_SIGN_IDENTITY[sdk=iphoneos*]" = "iPhone Developer";
				COPY_PHASE_STRIP = NO;
				DEBUG_INFORMATION_FORMAT = dwarf;
				ENABLE_STRICT_OBJC_MSGSEND = YES;
				ENABLE_TESTABILITY = YES;
				GCC_C_LANGUAGE_STANDARD = gnu99;
				GCC_DYNAMIC_NO_PIC = NO;
				GCC_NO_COMMON_BLOCKS = YES;
				GCC_OPTIMIZATION_LEVEL = 0;
				GCC_PREPROCESSOR_DEFINITIONS = (
					"DEBUG=1",
					"$(inherited)",
				);
				GCC_WARN_64_TO_32_BIT_CONVERSION = YES;
				GCC_WARN_ABOUT_RETURN_TYPE = YES_ERROR;
				GCC_WARN_UNDECLARED_SELECTOR = YES;
				GCC_WARN_UNINITIALIZED_AUTOS = YES_AGGRESSIVE;
				GCC_WARN_UNUSED_FUNCTION = YES;
				GCC_WARN_UNUSED_VARIABLE = YES;
				IPHONEOS_DEPLOYMENT_TARGET = 9.2;
				MTL_ENABLE_DEBUG_INFO = YES;
				ONLY_ACTIVE_ARCH = YES;
				SDKROOT = iphoneos;
				SWIFT_OPTIMIZATION_LEVEL = "-Onone";
			};
			name = Debug;
		};
		E4F2B08A1C67C24B00BCD2AF /* Release */ = {
			isa = XCBuildConfiguration;
			buildSettings = {
				ALWAYS_SEARCH_USER_PATHS = NO;
				CLANG_CXX_LANGUAGE_STANDARD = "gnu++0x";
				CLANG_CXX_LIBRARY = "libc++";
				CLANG_ENABLE_MODULES = YES;
				CLANG_ENABLE_OBJC_ARC = YES;
				CLANG_WARN_BOOL_CONVERSION = YES;
				CLANG_WARN_CONSTANT_CONVERSION = YES;
				CLANG_WARN_DIRECT_OBJC_ISA_USAGE = YES_ERROR;
				CLANG_WARN_EMPTY_BODY = YES;
				CLANG_WARN_ENUM_CONVERSION = YES;
				CLANG_WARN_INT_CONVERSION = YES;
				CLANG_WARN_OBJC_ROOT_CLASS = YES_ERROR;
				CLANG_WARN_UNREACHABLE_CODE = YES;
				CLANG_WARN__DUPLICATE_METHOD_MATCH = YES;
				"CODE_SIGN_IDENTITY[sdk=iphoneos*]" = "iPhone Developer";
				COPY_PHASE_STRIP = NO;
				DEBUG_INFORMATION_FORMAT = "dwarf-with-dsym";
				ENABLE_NS_ASSERTIONS = NO;
				ENABLE_STRICT_OBJC_MSGSEND = YES;
				GCC_C_LANGUAGE_STANDARD = gnu99;
				GCC_NO_COMMON_BLOCKS = YES;
				GCC_WARN_64_TO_32_BIT_CONVERSION = YES;
				GCC_WARN_ABOUT_RETURN_TYPE = YES_ERROR;
				GCC_WARN_UNDECLARED_SELECTOR = YES;
				GCC_WARN_UNINITIALIZED_AUTOS = YES_AGGRESSIVE;
				GCC_WARN_UNUSED_FUNCTION = YES;
				GCC_WARN_UNUSED_VARIABLE = YES;
				IPHONEOS_DEPLOYMENT_TARGET = 9.2;
				MTL_ENABLE_DEBUG_INFO = NO;
				SDKROOT = iphoneos;
				VALIDATE_PRODUCT = YES;
			};
			name = Release;
		};
		E4F2B08C1C67C24B00BCD2AF /* Debug */ = {
			isa = XCBuildConfiguration;
			buildSettings = {
				ASSETCATALOG_COMPILER_APPICON_NAME = AppIcon;
				INFOPLIST_FILE = "Draw App/Info.plist";
				LD_RUNPATH_SEARCH_PATHS = "$(inherited) @executable_path/Frameworks";
				PRODUCT_BUNDLE_IDENTIFIER = "edu.Roman.Puzey.Draw-App";
				PRODUCT_NAME = "$(TARGET_NAME)";
			};
			name = Debug;
		};
		E4F2B08D1C67C24B00BCD2AF /* Release */ = {
			isa = XCBuildConfiguration;
			buildSettings = {
				ASSETCATALOG_COMPILER_APPICON_NAME = AppIcon;
				INFOPLIST_FILE = "Draw App/Info.plist";
				LD_RUNPATH_SEARCH_PATHS = "$(inherited) @executable_path/Frameworks";
				PRODUCT_BUNDLE_IDENTIFIER = "edu.Roman.Puzey.Draw-App";
				PRODUCT_NAME = "$(TARGET_NAME)";
			};
			name = Release;
		};
/* End XCBuildConfiguration section */

/* Begin XCConfigurationList section */
		E4F2B0741C67C24B00BCD2AF /* Build configuration list for PBXProject "Draw App" */ = {
			isa = XCConfigurationList;
			buildConfigurations = (
				E4F2B0891C67C24B00BCD2AF /* Debug */,
				E4F2B08A1C67C24B00BCD2AF /* Release */,
			);
			defaultConfigurationIsVisible = 0;
			defaultConfigurationName = Release;
		};
		E4F2B08B1C67C24B00BCD2AF /* Build configuration list for PBXNativeTarget "Draw App" */ = {
			isa = XCConfigurationList;
			buildConfigurations = (
				E4F2B08C1C67C24B00BCD2AF /* Debug */,
				E4F2B08D1C67C24B00BCD2AF /* Release */,
			);
			defaultConfigurationIsVisible = 0;
		};
/* End XCConfigurationList section */
	};
	rootObject = E4F2B0711C67C24B00BCD2AF /* Project object */;
}
